
Microsoft Visual Studio Solution File, Format Version 12.00
# Visual Studio Version 16
VisualStudioVersion = 16.0.29102.190
MinimumVisualStudioVersion = 10.0.40219.1
Project("{FAE04EC0-301F-11D3-BF4B-00C04F79EFBC}") = "BestBall.Android", "BestBall\BestBall.Android\BestBall.Android.csproj", "{5B6BDA98-16EC-43D7-92D3-FDCBB97B9CF0}"
EndProject
Project("{FAE04EC0-301F-11D3-BF4B-00C04F79EFBC}") = "BestBall.iOS", "BestBall\BestBall.iOS\BestBall.iOS.csproj", "{90565A12-8C40-4B8F-8543-6F03B9FC76C0}"
EndProject
Project("{FAE04EC0-301F-11D3-BF4B-00C04F79EFBC}") = "BestBall", "BestBall\BestBall\BestBall.csproj", "{681F1A07-77AA-4DFC-98EC-903AB35EDB5C}"
EndProject
Global
	GlobalSection(SolutionConfigurationPlatforms) = preSolution
		Debug|Any CPU = Debug|Any CPU
		Debug|iPhone = Debug|iPhone
		Debug|iPhoneSimulator = Debug|iPhoneSimulator
		Release|Any CPU = Release|Any CPU
		Release|iPhone = Release|iPhone
		Release|iPhoneSimulator = Release|iPhoneSimulator
	EndGlobalSection
	GlobalSection(ProjectConfigurationPlatforms) = postSolution
		{5B6BDA98-16EC-43D7-92D3-FDCBB97B9CF0}.Debug|Any CPU.ActiveCfg = Debug|Any CPU
		{5B6BDA98-16EC-43D7-92D3-FDCBB97B9CF0}.Debug|Any CPU.Build.0 = Debug|Any CPU
		{5B6BDA98-16EC-43D7-92D3-FDCBB97B9CF0}.Debug|Any CPU.Deploy.0 = Debug|Any CPU
		{5B6BDA98-16EC-43D7-92D3-FDCBB97B9CF0}.Debug|iPhone.ActiveCfg = Debug|Any CPU
		{5B6BDA98-16EC-43D7-92D3-FDCBB97B9CF0}.Debug|iPhone.Build.0 = Debug|Any CPU
		{5B6BDA98-16EC-43D7-92D3-FDCBB97B9CF0}.Debug|iPhone.Deploy.0 = Debug|Any CPU
		{5B6BDA98-16EC-43D7-92D3-FDCBB97B9CF0}.Debug|iPhoneSimulator.ActiveCfg = Debug|Any CPU
		{5B6BDA98-16EC-43D7-92D3-FDCBB97B9CF0}.Debug|iPhoneSimulator.Build.0 = Debug|Any CPU
		{5B6BDA98-16EC-43D7-92D3-FDCBB97B9CF0}.Debug|iPhoneSimulator.Deploy.0 = Debug|Any CPU
		{5B6BDA98-16EC-43D7-92D3-FDCBB97B9CF0}.Release|Any CPU.ActiveCfg = Release|Any CPU
		{5B6BDA98-16EC-43D7-92D3-FDCBB97B9CF0}.Release|Any CPU.Build.0 = Release|Any CPU
		{5B6BDA98-16EC-43D7-92D3-FDCBB97B9CF0}.Release|Any CPU.Deploy.0 = Release|Any CPU
		{5B6BDA98-16EC-43D7-92D3-FDCBB97B9CF0}.Release|iPhone.ActiveCfg = Release|Any CPU
		{5B6BDA98-16EC-43D7-92D3-FDCBB97B9CF0}.Release|iPhone.Build.0 = Release|Any CPU
		{5B6BDA98-16EC-43D7-92D3-FDCBB97B9CF0}.Release|iPhone.Deploy.0 = Release|Any CPU
		{5B6BDA98-16EC-43D7-92D3-FDCBB97B9CF0}.Release|iPhoneSimulator.ActiveCfg = Release|Any CPU
		{5B6BDA98-16EC-43D7-92D3-FDCBB97B9CF0}.Release|iPhoneSimulator.Build.0 = Release|Any CPU
		{5B6BDA98-16EC-43D7-92D3-FDCBB97B9CF0}.Release|iPhoneSimulator.Deploy.0 = Release|Any CPU
		{90565A12-8C40-4B8F-8543-6F03B9FC76C0}.Debug|Any CPU.ActiveCfg = Debug|iPhoneSimulator
		{90565A12-8C40-4B8F-8543-6F03B9FC76C0}.Debug|Any CPU.Build.0 = Debug|iPhoneSimulator
		{90565A12-8C40-4B8F-8543-6F03B9FC76C0}.Debug|Any CPU.Deploy.0 = Debug|iPhoneSimulator
		{90565A12-8C40-4B8F-8543-6F03B9FC76C0}.Debug|iPhone.ActiveCfg = Debug|iPhone
		{90565A12-8C40-4B8F-8543-6F03B9FC76C0}.Debug|iPhone.Build.0 = Debug|iPhone
		{90565A12-8C40-4B8F-8543-6F03B9FC76C0}.Debug|iPhone.Deploy.0 = Debug|iPhone
		{90565A12-8C40-4B8F-8543-6F03B9FC76C0}.Debug|iPhoneSimulator.ActiveCfg = Debug|iPhoneSimulator
		{90565A12-8C40-4B8F-8543-6F03B9FC76C0}.Debug|iPhoneSimulator.Build.0 = Debug|iPhoneSimulator
		{90565A12-8C40-4B8F-8543-6F03B9FC76C0}.Debug|iPhoneSimulator.Deploy.0 = Debug|iPhoneSimulator
		{90565A12-8C40-4B8F-8543-6F03B9FC76C0}.Release|Any CPU.ActiveCfg = Release|iPhone
		{90565A12-8C40-4B8F-8543-6F03B9FC76C0}.Release|Any CPU.Build.0 = Release|iPhone
		{90565A12-8C40-4B8F-8543-6F03B9FC76C0}.Release|Any CPU.Deploy.0 = Release|iPhone
		{90565A12-8C40-4B8F-8543-6F03B9FC76C0}.Release|iPhone.ActiveCfg = Release|iPhone
		{90565A12-8C40-4B8F-8543-6F03B9FC76C0}.Release|iPhone.Build.0 = Release|iPhone
		{90565A12-8C40-4B8F-8543-6F03B9FC76C0}.Release|iPhone.Deploy.0 = Release|iPhone
		{90565A12-8C40-4B8F-8543-6F03B9FC76C0}.Release|iPhoneSimulator.ActiveCfg = Release|iPhoneSimulator
		{90565A12-8C40-4B8F-8543-6F03B9FC76C0}.Release|iPhoneSimulator.Build.0 = Release|iPhoneSimulator
		{90565A12-8C40-4B8F-8543-6F03B9FC76C0}.Release|iPhoneSimulator.Deploy.0 = Release|iPhoneSimulator
		{681F1A07-77AA-4DFC-98EC-903AB35EDB5C}.Debug|Any CPU.ActiveCfg = Debug|Any CPU
		{681F1A07-77AA-4DFC-98EC-903AB35EDB5C}.Debug|Any CPU.Build.0 = Debug|Any CPU
		{681F1A07-77AA-4DFC-98EC-903AB35EDB5C}.Debug|Any CPU.Deploy.0 = Debug|Any CPU
		{681F1A07-77AA-4DFC-98EC-903AB35EDB5C}.Debug|iPhone.ActiveCfg = Debug|Any CPU
		{681F1A07-77AA-4DFC-98EC-903AB35EDB5C}.Debug|iPhone.Build.0 = Debug|Any CPU
		{681F1A07-77AA-4DFC-98EC-903AB35EDB5C}.Debug|iPhone.Deploy.0 = Debug|Any CPU
		{681F1A07-77AA-4DFC-98EC-903AB35EDB5C}.Debug|iPhoneSimulator.ActiveCfg = Debug|Any CPU
		{681F1A07-77AA-4DFC-98EC-903AB35EDB5C}.Debug|iPhoneSimulator.Build.0 = Debug|Any CPU
		{681F1A07-77AA-4DFC-98EC-903AB35EDB5C}.Debug|iPhoneSimulator.Deploy.0 = Debug|Any CPU
		{681F1A07-77AA-4DFC-98EC-903AB35EDB5C}.Release|Any CPU.ActiveCfg = Release|Any CPU
		{681F1A07-77AA-4DFC-98EC-903AB35EDB5C}.Release|Any CPU.Build.0 = Release|Any CPU
		{681F1A07-77AA-4DFC-98EC-903AB35EDB5C}.Release|Any CPU.Deploy.0 = Release|Any CPU
		{681F1A07-77AA-4DFC-98EC-903AB35EDB5C}.Release|iPhone.ActiveCfg = Release|Any CPU
		{681F1A07-77AA-4DFC-98EC-903AB35EDB5C}.Release|iPhone.Build.0 = Release|Any CPU
		{681F1A07-77AA-4DFC-98EC-903AB35EDB5C}.Release|iPhone.Deploy.0 = Release|Any CPU
		{681F1A07-77AA-4DFC-98EC-903AB35EDB5C}.Release|iPhoneSimulator.ActiveCfg = Release|Any CPU
		{681F1A07-77AA-4DFC-98EC-903AB35EDB5C}.Release|iPhoneSimulator.Build.0 = Release|Any CPU
		{681F1A07-77AA-4DFC-98EC-903AB35EDB5C}.Release|iPhoneSimulator.Deploy.0 = Release|Any CPU
	EndGlobalSection
	GlobalSection(SolutionProperties) = preSolution
		HideSolutionNode = FALSE
	EndGlobalSection
	GlobalSection(ExtensibilityGlobals) = postSolution
		SolutionGuid = {E6A5C354-B471-4AE1-8115-28D1ABF09FA2}
	EndGlobalSection
EndGlobal
